
Microsoft Visual Studio Solution File, Format Version 12.00
# Visual Studio 15
VisualStudioVersion = 15.0.28307.329
MinimumVisualStudioVersion = 10.0.40219.1
Project("{FAE04EC0-301F-11D3-BF4B-00C04F79EFBC}") = "ManipulateUrlParameters", "ManipulateUrlParameters\ManipulateUrlParameters.csproj", "{FD0F35DF-A486-4EC6-A475-63CC451AD346}"
EndProject
Global
	GlobalSection(SolutionConfigurationPlatforms) = preSolution
		Debug|Any CPU = Debug|Any CPU
		Release|Any CPU = Release|Any CPU
	EndGlobalSection
	GlobalSection(ProjectConfigurationPlatforms) = postSolution
		{FD0F35DF-A486-4EC6-A475-63CC451AD346}.Debug|Any CPU.ActiveCfg = Debug|Any CPU
		{FD0F35DF-A486-4EC6-A475-63CC451AD346}.Debug|Any CPU.Build.0 = Debug|Any CPU
		{FD0F35DF-A486-4EC6-A475-63CC451AD346}.Release|Any CPU.ActiveCfg = Release|Any CPU
		{FD0F35DF-A486-4EC6-A475-63CC451AD346}.Release|Any CPU.Build.0 = Release|Any CPU
	EndGlobalSection
	GlobalSection(SolutionProperties) = preSolution
		HideSolutionNode = FALSE
	EndGlobalSection
	GlobalSection(ExtensibilityGlobals) = postSolution
		SolutionGuid = {4C04C900-1E49-4E12-9118-67298F4F5012}
	EndGlobalSection
EndGlobal
